
Microsoft Visual Studio Solution File, Format Version 12.00
# Visual Studio Version 16
VisualStudioVersion = 16.0.31624.102
MinimumVisualStudioVersion = 10.0.40219.1
Project("{FAE04EC0-301F-11D3-BF4B-00C04F79EFBC}") = "UAMotivationApp", "UAMotivationApp.csproj", "{0D0BAF8E-9CA3-4C70-9584-B5BE96561CD9}"
EndProject
Global
	GlobalSection(SolutionConfigurationPlatforms) = preSolution
		Debug|Any CPU = Debug|Any CPU
		Release|Any CPU = Release|Any CPU
	EndGlobalSection
	GlobalSection(ProjectConfigurationPlatforms) = postSolution
		{0D0BAF8E-9CA3-4C70-9584-B5BE96561CD9}.Debug|Any CPU.ActiveCfg = Debug|Any CPU
		{0D0BAF8E-9CA3-4C70-9584-B5BE96561CD9}.Debug|Any CPU.Build.0 = Debug|Any CPU
		{0D0BAF8E-9CA3-4C70-9584-B5BE96561CD9}.Release|Any CPU.ActiveCfg = Release|Any CPU
		{0D0BAF8E-9CA3-4C70-9584-B5BE96561CD9}.Release|Any CPU.Build.0 = Release|Any CPU
	EndGlobalSection
	GlobalSection(SolutionProperties) = preSolution
		HideSolutionNode = FALSE
	EndGlobalSection
	GlobalSection(ExtensibilityGlobals) = postSolution
		SolutionGuid = {DB7FFFD2-89D3-4977-B729-809888A4B794}
	EndGlobalSection
EndGlobal
